
Microsoft Visual Studio Solution File, Format Version 12.00
# Visual Studio Version 17
VisualStudioVersion = 17.14.36811.4
MinimumVisualStudioVersion = 10.0.40219.1
Project("{FAE04EC0-301F-11D3-BF4B-00C04F79EFBC}") = "TotalPipeLength", "TotalPipeLength.csproj", "{DEB4566D-FEA6-4D1F-BDD8-832D5188B5D8}"
EndProject
Project("{930C7802-8A8C-48F9-8165-68863BCCD9DD}") = "Installer", "..\Installer\Installer.wixproj", "{187DA3D7-C9F8-43D2-A088-7A326E24554B}"
EndProject
Global
	GlobalSection(SolutionConfigurationPlatforms) = preSolution
		Debug|Any CPU = Debug|Any CPU
		Debug|x86 = Debug|x86
		Release|Any CPU = Release|Any CPU
		Release|x86 = Release|x86
	EndGlobalSection
	GlobalSection(ProjectConfigurationPlatforms) = postSolution
		{DEB4566D-FEA6-4D1F-BDD8-832D5188B5D8}.Debug|Any CPU.ActiveCfg = Debug|Any CPU
		{DEB4566D-FEA6-4D1F-BDD8-832D5188B5D8}.Debug|Any CPU.Build.0 = Debug|Any CPU
		{DEB4566D-FEA6-4D1F-BDD8-832D5188B5D8}.Debug|x86.ActiveCfg = Debug|Any CPU
		{DEB4566D-FEA6-4D1F-BDD8-832D5188B5D8}.Release|Any CPU.ActiveCfg = Release|Any CPU
		{DEB4566D-FEA6-4D1F-BDD8-832D5188B5D8}.Release|Any CPU.Build.0 = Release|Any CPU
		{DEB4566D-FEA6-4D1F-BDD8-832D5188B5D8}.Release|x86.ActiveCfg = Release|Any CPU
		{187DA3D7-C9F8-43D2-A088-7A326E24554B}.Debug|Any CPU.ActiveCfg = Debug|x64
		{187DA3D7-C9F8-43D2-A088-7A326E24554B}.Debug|Any CPU.Build.0 = Debug|x64
		{187DA3D7-C9F8-43D2-A088-7A326E24554B}.Debug|x86.ActiveCfg = Debug|x64
		{187DA3D7-C9F8-43D2-A088-7A326E24554B}.Debug|x86.Build.0 = Debug|x64
		{187DA3D7-C9F8-43D2-A088-7A326E24554B}.Release|Any CPU.ActiveCfg = Release|x64
		{187DA3D7-C9F8-43D2-A088-7A326E24554B}.Release|Any CPU.Build.0 = Release|x64
		{187DA3D7-C9F8-43D2-A088-7A326E24554B}.Release|x86.ActiveCfg = Release|x64
		{187DA3D7-C9F8-43D2-A088-7A326E24554B}.Release|x86.Build.0 = Release|x64
	EndGlobalSection
	GlobalSection(SolutionProperties) = preSolution
		HideSolutionNode = FALSE
	EndGlobalSection
EndGlobal
